
Microsoft Visual Studio Solution File, Format Version 12.00
# Visual Studio Version 17
VisualStudioVersion = 17.6.33815.320
MinimumVisualStudioVersion = 10.0.40219.1
Project("{FAE04EC0-301F-11D3-BF4B-00C04F79EFBC}") = "BusinessLayer_", "..\BusinessLayer_\BusinessLayer_.csproj", "{B405A03A-F4C3-4859-9607-6C7A44C91784}"
EndProject
Project("{FAE04EC0-301F-11D3-BF4B-00C04F79EFBC}") = "DataAccessLayer_", "..\DataAccessLayer_\DataAccessLayer_.csproj", "{E95BA249-9946-4DEE-9533-1665F966A0AB}"
EndProject
Project("{FAE04EC0-301F-11D3-BF4B-00C04F79EFBC}") = "Entities_", "..\Entities_\Entities_.csproj", "{EB6745E9-B97A-406B-81B9-B88AB2290B3D}"
EndProject
Project("{FAE04EC0-301F-11D3-BF4B-00C04F79EFBC}") = "PresentationLayer_", "PresentationLayer_\PresentationLayer_.csproj", "{DDEB4F61-6067-45A3-87DB-42D2156D8875}"
EndProject
Global
	GlobalSection(SolutionConfigurationPlatforms) = preSolution
		Debug|Any CPU = Debug|Any CPU
		Release|Any CPU = Release|Any CPU
	EndGlobalSection
	GlobalSection(ProjectConfigurationPlatforms) = postSolution
		{B405A03A-F4C3-4859-9607-6C7A44C91784}.Debug|Any CPU.ActiveCfg = Debug|Any CPU
		{B405A03A-F4C3-4859-9607-6C7A44C91784}.Debug|Any CPU.Build.0 = Debug|Any CPU
		{B405A03A-F4C3-4859-9607-6C7A44C91784}.Release|Any CPU.ActiveCfg = Release|Any CPU
		{B405A03A-F4C3-4859-9607-6C7A44C91784}.Release|Any CPU.Build.0 = Release|Any CPU
		{E95BA249-9946-4DEE-9533-1665F966A0AB}.Debug|Any CPU.ActiveCfg = Debug|Any CPU
		{E95BA249-9946-4DEE-9533-1665F966A0AB}.Debug|Any CPU.Build.0 = Debug|Any CPU
		{E95BA249-9946-4DEE-9533-1665F966A0AB}.Release|Any CPU.ActiveCfg = Release|Any CPU
		{E95BA249-9946-4DEE-9533-1665F966A0AB}.Release|Any CPU.Build.0 = Release|Any CPU
		{EB6745E9-B97A-406B-81B9-B88AB2290B3D}.Debug|Any CPU.ActiveCfg = Debug|Any CPU
		{EB6745E9-B97A-406B-81B9-B88AB2290B3D}.Debug|Any CPU.Build.0 = Debug|Any CPU
		{EB6745E9-B97A-406B-81B9-B88AB2290B3D}.Release|Any CPU.ActiveCfg = Release|Any CPU
		{EB6745E9-B97A-406B-81B9-B88AB2290B3D}.Release|Any CPU.Build.0 = Release|Any CPU
		{DDEB4F61-6067-45A3-87DB-42D2156D8875}.Debug|Any CPU.ActiveCfg = Debug|Any CPU
		{DDEB4F61-6067-45A3-87DB-42D2156D8875}.Debug|Any CPU.Build.0 = Debug|Any CPU
		{DDEB4F61-6067-45A3-87DB-42D2156D8875}.Release|Any CPU.ActiveCfg = Release|Any CPU
		{DDEB4F61-6067-45A3-87DB-42D2156D8875}.Release|Any CPU.Build.0 = Release|Any CPU
	EndGlobalSection
	GlobalSection(SolutionProperties) = preSolution
		HideSolutionNode = FALSE
	EndGlobalSection
	GlobalSection(ExtensibilityGlobals) = postSolution
		SolutionGuid = {D1224F5A-7C5E-47AC-A3CE-259ADD82A989}
	EndGlobalSection
EndGlobal
